Microsoft Visual Studio Solution File, Format Version 12.00
# Visual Studio Version 17
VisualStudioVersion = 17.5.33414.496
MinimumVisualStudioVersion = 10.0.40219.1
Project("{FAE04EC0-301F-11D3-BF4B-00C04F79EFBC}") = "LocalNotifications.Android", "LocalNotifications.Android\LocalNotifications.Android.csproj", "{518AF8A8-7C27-4F69-BEB5-BE1FD92F6079}"
EndProject
Project("{FAE04EC0-301F-11D3-BF4B-00C04F79EFBC}") = "LocalNotifications.iOS", "LocalNotifications.iOS\LocalNotifications.iOS.csproj", "{A3449BDE-44CE-40D4-A731-A45E4EEF086C}"
EndProject
Project("{9A19103F-16F7-4668-BE54-9A1E7A4F7556}") = "LocalNotifications", "LocalNotifications\LocalNotifications.csproj", "{054C273A-4ED1-488D-A093-94C181782563}"
EndProject
Global
	GlobalSection(SolutionConfigurationPlatforms) = preSolution
		Ad-Hoc|Any CPU = Ad-Hoc|Any CPU
		Ad-Hoc|iPhone = Ad-Hoc|iPhone
		Ad-Hoc|iPhoneSimulator = Ad-Hoc|iPhoneSimulator
		AppStore|Any CPU = AppStore|Any CPU
		AppStore|iPhone = AppStore|iPhone
		AppStore|iPhoneSimulator = AppStore|iPhoneSimulator
		Debug|Any CPU = Debug|Any CPU
		Debug|iPhone = Debug|iPhone
		Debug|iPhoneSimulator = Debug|iPhoneSimulator
		Release|Any CPU = Release|Any CPU
		Release|iPhone = Release|iPhone
		Release|iPhoneSimulator = Release|iPhoneSimulator
	EndGlobalSection
	GlobalSection(ProjectConfigurationPlatforms) = postSolution
		{518AF8A8-7C27-4F69-BEB5-BE1FD92F6079}.Ad-Hoc|Any CPU.ActiveCfg = Release|Any CPU
		{518AF8A8-7C27-4F69-BEB5-BE1FD92F6079}.Ad-Hoc|Any CPU.Build.0 = Release|Any CPU
		{518AF8A8-7C27-4F69-BEB5-BE1FD92F6079}.Ad-Hoc|Any CPU.Deploy.0 = Release|Any CPU
		{518AF8A8-7C27-4F69-BEB5-BE1FD92F6079}.Ad-Hoc|iPhone.ActiveCfg = Debug|Any CPU
		{518AF8A8-7C27-4F69-BEB5-BE1FD92F6079}.Ad-Hoc|iPhone.Build.0 = Debug|Any CPU
		{518AF8A8-7C27-4F69-BEB5-BE1FD92F6079}.Ad-Hoc|iPhoneSimulator.ActiveCfg = Release|Any CPU
		{518AF8A8-7C27-4F69-BEB5-BE1FD92F6079}.Ad-Hoc|iPhoneSimulator.Build.0 = Release|Any CPU
		{518AF8A8-7C27-4F69-BEB5-BE1FD92F6079}.Ad-Hoc|iPhoneSimulator.Deploy.0 = Release|Any CPU
		{518AF8A8-7C27-4F69-BEB5-BE1FD92F6079}.AppStore|Any CPU.ActiveCfg = Release|Any CPU
		{518AF8A8-7C27-4F69-BEB5-BE1FD92F6079}.AppStore|Any CPU.Build.0 = Release|Any CPU
		{518AF8A8-7C27-4F69-BEB5-BE1FD92F6079}.AppStore|Any CPU.Deploy.0 = Release|Any CPU
		{518AF8A8-7C27-4F69-BEB5-BE1FD92F6079}.AppStore|iPhone.ActiveCfg = Debug|Any CPU
		{518AF8A8-7C27-4F69-BEB5-BE1FD92F6079}.AppStore|iPhone.Build.0 = Debug|Any CPU
		{518AF8A8-7C27-4F69-BEB5-BE1FD92F6079}.AppStore|iPhoneSimulator.ActiveCfg = Release|Any CPU
		{518AF8A8-7C27-4F69-BEB5-BE1FD92F6079}.AppStore|iPhoneSimulator.Build.0 = Release|Any CPU
		{518AF8A8-7C27-4F69-BEB5-BE1FD92F6079}.AppStore|iPhoneSimulator.Deploy.0 = Release|Any CPU
		{518AF8A8-7C27-4F69-BEB5-BE1FD92F6079}.Debug|Any CPU.ActiveCfg = Debug|Any CPU
		{518AF8A8-7C27-4F69-BEB5-BE1FD92F6079}.Debug|Any CPU.Build.0 = Debug|Any CPU
		{518AF8A8-7C27-4F69-BEB5-BE1FD92F6079}.Debug|iPhone.ActiveCfg = Debug|Any CPU
		{518AF8A8-7C27-4F69-BEB5-BE1FD92F6079}.Debug|iPhone.Build.0 = Debug|Any CPU
		{518AF8A8-7C27-4F69-BEB5-BE1FD92F6079}.Debug|iPhoneSimulator.ActiveCfg = Debug|Any CPU
		{518AF8A8-7C27-4F69-BEB5-BE1FD92F6079}.Debug|iPhoneSimulator.Build.0 = Debug|Any CPU
		{518AF8A8-7C27-4F69-BEB5-BE1FD92F6079}.Release|Any CPU.ActiveCfg = Release|Any CPU
		{518AF8A8-7C27-4F69-BEB5-BE1FD92F6079}.Release|Any CPU.Build.0 = Release|Any CPU
		{518AF8A8-7C27-4F69-BEB5-BE1FD92F6079}.Release|iPhone.ActiveCfg = Release|Any CPU
		{518AF8A8-7C27-4F69-BEB5-BE1FD92F6079}.Release|iPhone.Build.0 = Release|Any CPU
		{518AF8A8-7C27-4F69-BEB5-BE1FD92F6079}.Release|iPhoneSimulator.ActiveCfg = Release|Any CPU
		{518AF8A8-7C27-4F69-BEB5-BE1FD92F6079}.Release|iPhoneSimulator.Build.0 = Release|Any CPU
		{A3449BDE-44CE-40D4-A731-A45E4EEF086C}.Ad-Hoc|Any CPU.ActiveCfg = Ad-Hoc|iPhoneSimulator
		{A3449BDE-44CE-40D4-A731-A45E4EEF086C}.Ad-Hoc|Any CPU.Build.0 = Ad-Hoc|iPhoneSimulator
		{A3449BDE-44CE-40D4-A731-A45E4EEF086C}.Ad-Hoc|iPhone.ActiveCfg = Ad-Hoc|iPhone
		{A3449BDE-44CE-40D4-A731-A45E4EEF086C}.Ad-Hoc|iPhone.Build.0 = Ad-Hoc|iPhone
		{A3449BDE-44CE-40D4-A731-A45E4EEF086C}.Ad-Hoc|iPhoneSimulator.ActiveCfg = Ad-Hoc|iPhoneSimulator
		{A3449BDE-44CE-40D4-A731-A45E4EEF086C}.Ad-Hoc|iPhoneSimulator.Build.0 = Ad-Hoc|iPhoneSimulator
		{A3449BDE-44CE-40D4-A731-A45E4EEF086C}.AppStore|Any CPU.ActiveCfg = AppStore|iPhoneSimulator
		{A3449BDE-44CE-40D4-A731-A45E4EEF086C}.AppStore|Any CPU.Build.0 = AppStore|iPhoneSimulator
		{A3449BDE-44CE-40D4-A731-A45E4EEF086C}.AppStore|iPhone.ActiveCfg = AppStore|iPhone
		{A3449BDE-44CE-40D4-A731-A45E4EEF086C}.AppStore|iPhone.Build.0 = AppStore|iPhone
		{A3449BDE-44CE-40D4-A731-A45E4EEF086C}.AppStore|iPhoneSimulator.ActiveCfg = AppStore|iPhoneSimulator
		{A3449BDE-44CE-40D4-A731-A45E4EEF086C}.AppStore|iPhoneSimulator.Build.0 = AppStore|iPhoneSimulator
		{A3449BDE-44CE-40D4-A731-A45E4EEF086C}.Debug|Any CPU.ActiveCfg = Debug|iPhoneSimulator
		{A3449BDE-44CE-40D4-A731-A45E4EEF086C}.Debug|Any CPU.Build.0 = Debug|iPhoneSimulator
		{A3449BDE-44CE-40D4-A731-A45E4EEF086C}.Debug|iPhone.ActiveCfg = Debug|iPhone
		{A3449BDE-44CE-40D4-A731-A45E4EEF086C}.Debug|iPhone.Build.0 = Debug|iPhone
		{A3449BDE-44CE-40D4-A731-A45E4EEF086C}.Debug|iPhoneSimulator.ActiveCfg = Debug|iPhoneSimulator
		{A3449BDE-44CE-40D4-A731-A45E4EEF086C}.Debug|iPhoneSimulator.Build.0 = Debug|iPhoneSimulator
		{A3449BDE-44CE-40D4-A731-A45E4EEF086C}.Release|Any CPU.ActiveCfg = Release|iPhoneSimulator
		{A3449BDE-44CE-40D4-A731-A45E4EEF086C}.Release|Any CPU.Build.0 = Release|iPhoneSimulator
		{A3449BDE-44CE-40D4-A731-A45E4EEF086C}.Release|iPhone.ActiveCfg = Release|iPhone
		{A3449BDE-44CE-40D4-A731-A45E4EEF086C}.Release|iPhone.Build.0 = Release|iPhone
		{A3449BDE-44CE-40D4-A731-A45E4EEF086C}.Release|iPhoneSimulator.ActiveCfg = Release|iPhoneSimulator
		{A3449BDE-44CE-40D4-A731-A45E4EEF086C}.Release|iPhoneSimulator.Build.0 = Release|iPhoneSimulator
		{054C273A-4ED1-488D-A093-94C181782563}.Ad-Hoc|Any CPU.ActiveCfg = Release|Any CPU
		{054C273A-4ED1-488D-A093-94C181782563}.Ad-Hoc|Any CPU.Build.0 = Release|Any CPU
		{054C273A-4ED1-488D-A093-94C181782563}.Ad-Hoc|iPhone.ActiveCfg = Debug|Any CPU
		{054C273A-4ED1-488D-A093-94C181782563}.Ad-Hoc|iPhone.Build.0 = Debug|Any CPU
		{054C273A-4ED1-488D-A093-94C181782563}.Ad-Hoc|iPhoneSimulator.ActiveCfg = Release|Any CPU
		{054C273A-4ED1-488D-A093-94C181782563}.Ad-Hoc|iPhoneSimulator.Build.0 = Release|Any CPU
		{054C273A-4ED1-488D-A093-94C181782563}.AppStore|Any CPU.ActiveCfg = Release|Any CPU
		{054C273A-4ED1-488D-A093-94C181782563}.AppStore|Any CPU.Build.0 = Release|Any CPU
		{054C273A-4ED1-488D-A093-94C181782563}.AppStore|iPhone.ActiveCfg = Debug|Any CPU
		{054C273A-4ED1-488D-A093-94C181782563}.AppStore|iPhone.Build.0 = Debug|Any CPU
		{054C273A-4ED1-488D-A093-94C181782563}.AppStore|iPhoneSimulator.ActiveCfg = Release|Any CPU
		{054C273A-4ED1-488D-A093-94C181782563}.AppStore|iPhoneSimulator.Build.0 = Release|Any CPU
		{054C273A-4ED1-488D-A093-94C181782563}.Debug|Any CPU.ActiveCfg = Debug|Any CPU
		{054C273A-4ED1-488D-A093-94C181782563}.Debug|Any CPU.Build.0 = Debug|Any CPU
		{054C273A-4ED1-488D-A093-94C181782563}.Debug|iPhone.ActiveCfg = Debug|Any CPU
		{054C273A-4ED1-488D-A093-94C181782563}.Debug|iPhone.Build.0 = Debug|Any CPU
		{054C273A-4ED1-488D-A093-94C181782563}.Debug|iPhoneSimulator.ActiveCfg = Debug|Any CPU
		{054C273A-4ED1-488D-A093-94C181782563}.Debug|iPhoneSimulator.Build.0 = Debug|Any CPU
		{054C273A-4ED1-488D-A093-94C181782563}.Release|Any CPU.ActiveCfg = Release|Any CPU
		{054C273A-4ED1-488D-A093-94C181782563}.Release|Any CPU.Build.0 = Release|Any CPU
		{054C273A-4ED1-488D-A093-94C181782563}.Release|iPhone.ActiveCfg = Release|Any CPU
		{054C273A-4ED1-488D-A093-94C181782563}.Release|iPhone.Build.0 = Release|Any CPU
		{054C273A-4ED1-488D-A093-94C181782563}.Release|iPhoneSimulator.ActiveCfg = Release|Any CPU
		{054C273A-4ED1-488D-A093-94C181782563}.Release|iPhoneSimulator.Build.0 = Release|Any CPU
	EndGlobalSection
	GlobalSection(SolutionProperties) = preSolution
		HideSolutionNode = FALSE
	EndGlobalSection
EndGlobal
